{
  "name": "business-directory-admin",
  "version": "1.0.0",
  "lockfileVersion": 1,
  "requires": true,
  "dependencies": {
    "@jridgewell/sourcemap-codec": {
      "version": "1.5.5",
      "resolved": "https://registry.npmjs.org/@jridgewell/sourcemap-codec/-/sourcemap-codec-1.5.5.tgz",
      "integrity": "sha512-cYQ9310grqxueWbl+WuIUIaiUaDcj7WOq5fVhEljNVgRfOUhY9fy2zTvfoqWsnebh8Sl70VScFbICvJnLKB0Og==",
      "dev": true
    },
    "@rollup/plugin-commonjs": {
      "version": "28.0.9",
      "resolved": "https://registry.npmjs.org/@rollup/plugin-commonjs/-/plugin-commonjs-28.0.9.tgz",
      "integrity": "sha512-PIR4/OHZ79romx0BVVll/PkwWpJ7e5lsqFa3gFfcrFPWwLXLV39JVUzQV9RKjWerE7B845Hqjj9VYlQeieZ2dA==",
      "dev": true,
      "requires": {
        "@rollup/pluginutils": "^5.0.1",
        "commondir": "^1.0.1",
        "estree-walker": "^2.0.2",
        "fdir": "^6.2.0",
        "is-reference": "1.2.1",
        "magic-string": "^0.30.3",
        "picomatch": "^4.0.2"
      }
    },
    "@rollup/plugin-json": {
      "version": "6.1.0",
      "resolved": "https://registry.npmjs.org/@rollup/plugin-json/-/plugin-json-6.1.0.tgz",
      "integrity": "sha512-EGI2te5ENk1coGeADSIwZ7G2Q8CJS2sF120T7jLw4xFw9n7wIOXHo+kIYRAoVpJAN+kmqZSoO3Fp4JtoNF4ReA==",
      "dev": true,
      "requires": {
        "@rollup/pluginutils": "^5.1.0"
      }
    },
    "@rollup/plugin-node-resolve": {
      "version": "16.0.3",
      "resolved": "https://registry.npmjs.org/@rollup/plugin-node-resolve/-/plugin-node-resolve-16.0.3.tgz",
      "integrity": "sha512-lUYM3UBGuM93CnMPG1YocWu7X802BrNF3jW2zny5gQyLQgRFJhV1Sq0Zi74+dh/6NBx1DxFC4b4GXg9wUCG5Qg==",
      "dev": true,
      "requires": {
        "@rollup/pluginutils": "^5.0.1",
        "@types/resolve": "1.20.2",
        "deepmerge": "^4.2.2",
        "is-module": "^1.0.0",
        "resolve": "^1.22.1"
      }
    },
    "@rollup/pluginutils": {
      "version": "5.3.0",
      "resolved": "https://registry.npmjs.org/@rollup/pluginutils/-/pluginutils-5.3.0.tgz",
      "integrity": "sha512-5EdhGZtnu3V88ces7s53hhfK5KSASnJZv8Lulpc04cWO3REESroJXg73DFsOmgbU2BhwV0E20bu2IDZb3VKW4Q==",
      "dev": true,
      "requires": {
        "@types/estree": "^1.0.0",
        "estree-walker": "^2.0.2",
        "picomatch": "^4.0.2"
      }
    },
    "@rollup/rollup-android-arm-eabi": {
      "version": "4.55.3",
      "resolved": "https://registry.npmjs.org/@rollup/rollup-android-arm-eabi/-/rollup-android-arm-eabi-4.55.3.tgz",
      "integrity": "sha512-qyX8+93kK/7R5BEXPC2PjUt0+fS/VO2BVHjEHyIEWiYn88rcRBHmdLgoJjktBltgAf+NY7RfCGB1SoyKS/p9kg==",
      "dev": true,
      "optional": true
    },
    "@rollup/rollup-android-arm64": {
      "version": "4.55.3",
      "resolved": "https://registry.npmjs.org/@rollup/rollup-android-arm64/-/rollup-android-arm64-4.55.3.tgz",
      "integrity": "sha512-6sHrL42bjt5dHQzJ12Q4vMKfN+kUnZ0atHHnv4V0Wd9JMTk7FDzSY35+7qbz3ypQYMBPANbpGK7JpnWNnhGt8g==",
      "dev": true,
      "optional": true
    },
    "@rollup/rollup-darwin-arm64": {
      "version": "4.55.3",
      "resolved": "https://registry.npmjs.org/@rollup/rollup-darwin-arm64/-/rollup-darwin-arm64-4.55.3.tgz",
      "integrity": "sha512-1ht2SpGIjEl2igJ9AbNpPIKzb1B5goXOcmtD0RFxnwNuMxqkR6AUaaErZz+4o+FKmzxcSNBOLrzsICZVNYa1Rw==",
      "dev": true,
      "optional": true
    },
    "@rollup/rollup-darwin-x64": {
      "version": "4.55.3",
      "resolved": "https://registry.npmjs.org/@rollup/rollup-darwin-x64/-/rollup-darwin-x64-4.55.3.tgz",
      "integrity": "sha512-FYZ4iVunXxtT+CZqQoPVwPhH7549e/Gy7PIRRtq4t5f/vt54pX6eG9ebttRH6QSH7r/zxAFA4EZGlQ0h0FvXiA==",
      "dev": true,
      "optional": true
    },
    "@rollup/rollup-freebsd-arm64": {
      "version": "4.55.3",
      "resolved": "https://registry.npmjs.org/@rollup/rollup-freebsd-arm64/-/rollup-freebsd-arm64-4.55.3.tgz",
      "integrity": "sha512-M/mwDCJ4wLsIgyxv2Lj7Len+UMHd4zAXu4GQ2UaCdksStglWhP61U3uowkaYBQBhVoNpwx5Hputo8eSqM7K82Q==",
      "dev": true,
      "optional": true
    },
    "@rollup/rollup-freebsd-x64": {
      "version": "4.55.3",
      "resolved": "https://registry.npmjs.org/@rollup/rollup-freebsd-x64/-/rollup-freebsd-x64-4.55.3.tgz",
      "integrity": "sha512-5jZT2c7jBCrMegKYTYTpni8mg8y3uY8gzeq2ndFOANwNuC/xJbVAoGKR9LhMDA0H3nIhvaqUoBEuJoICBudFrA==",
      "dev": true,
      "optional": true
    },
    "@rollup/rollup-linux-arm-gnueabihf": {
      "version": "4.55.3",
      "resolved": "https://registry.npmjs.org/@rollup/rollup-linux-arm-gnueabihf/-/rollup-linux-arm-gnueabihf-4.55.3.tgz",
      "integrity": "sha512-YeGUhkN1oA+iSPzzhEjVPS29YbViOr8s4lSsFaZKLHswgqP911xx25fPOyE9+khmN6W4VeM0aevbDp4kkEoHiA==",
      "dev": true,
      "optional": true
    },
    "@rollup/rollup-linux-arm-musleabihf": {
      "version": "4.55.3",
      "resolved": "https://registry.npmjs.org/@rollup/rollup-linux-arm-musleabihf/-/rollup-linux-arm-musleabihf-4.55.3.tgz",
      "integrity": "sha512-eo0iOIOvcAlWB3Z3eh8pVM8hZ0oVkK3AjEM9nSrkSug2l15qHzF3TOwT0747omI6+CJJvl7drwZepT+re6Fy/w==",
      "dev": true,
      "optional": true
    },
    "@rollup/rollup-linux-arm64-gnu": {
      "version": "4.55.3",
      "resolved": "https://registry.npmjs.org/@rollup/rollup-linux-arm64-gnu/-/rollup-linux-arm64-gnu-4.55.3.tgz",
      "integrity": "sha512-DJay3ep76bKUDImmn//W5SvpjRN5LmK/ntWyeJs/dcnwiiHESd3N4uteK9FDLf0S0W8E6Y0sVRXpOCoQclQqNg==",
      "dev": true,
      "optional": true
    },
    "@rollup/rollup-linux-arm64-musl": {
      "version": "4.55.3",
      "resolved": "https://registry.npmjs.org/@rollup/rollup-linux-arm64-musl/-/rollup-linux-arm64-musl-4.55.3.tgz",
      "integrity": "sha512-BKKWQkY2WgJ5MC/ayvIJTHjy0JUGb5efaHCUiG/39sSUvAYRBaO3+/EK0AZT1RF3pSj86O24GLLik9mAYu0IJg==",
      "dev": true,
      "optional": true
    },
    "@rollup/rollup-linux-loong64-gnu": {
      "version": "4.55.3",
      "resolved": "https://registry.npmjs.org/@rollup/rollup-linux-loong64-gnu/-/rollup-linux-loong64-gnu-4.55.3.tgz",
      "integrity": "sha512-Q9nVlWtKAG7ISW80OiZGxTr6rYtyDSkauHUtvkQI6TNOJjFvpj4gcH+KaJihqYInnAzEEUetPQubRwHef4exVg==",
      "dev": true,
      "optional": true
    },
    "@rollup/rollup-linux-loong64-musl": {
      "version": "4.55.3",
      "resolved": "https://registry.npmjs.org/@rollup/rollup-linux-loong64-musl/-/rollup-linux-loong64-musl-4.55.3.tgz",
      "integrity": "sha512-2H5LmhzrpC4fFRNwknzmmTvvyJPHwESoJgyReXeFoYYuIDfBhP29TEXOkCJE/KxHi27mj7wDUClNq78ue3QEBQ==",
      "dev": true,
      "optional": true
    },
    "@rollup/rollup-linux-ppc64-gnu": {
      "version": "4.55.3",
      "resolved": "https://registry.npmjs.org/@rollup/rollup-linux-ppc64-gnu/-/rollup-linux-ppc64-gnu-4.55.3.tgz",
      "integrity": "sha512-9S542V0ie9LCTznPYlvaeySwBeIEa7rDBgLHKZ5S9DBgcqdJYburabm8TqiqG6mrdTzfV5uttQRHcbKff9lWtA==",
      "dev": true,
      "optional": true
    },
    "@rollup/rollup-linux-ppc64-musl": {
      "version": "4.55.3",
      "resolved": "https://registry.npmjs.org/@rollup/rollup-linux-ppc64-musl/-/rollup-linux-ppc64-musl-4.55.3.tgz",
      "integrity": "sha512-ukxw+YH3XXpcezLgbJeasgxyTbdpnNAkrIlFGDl7t+pgCxZ89/6n1a+MxlY7CegU+nDgrgdqDelPRNQ/47zs0g==",
      "dev": true,
      "optional": true
    },
    "@rollup/rollup-linux-riscv64-gnu": {
      "version": "4.55.3",
      "resolved": "https://registry.npmjs.org/@rollup/rollup-linux-riscv64-gnu/-/rollup-linux-riscv64-gnu-4.55.3.tgz",
      "integrity": "sha512-Iauw9UsTTvlF++FhghFJjqYxyXdggXsOqGpFBylaRopVpcbfyIIsNvkf9oGwfgIcf57z3m8+/oSYTo6HutBFNw==",
      "dev": true,
      "optional": true
    },
    "@rollup/rollup-linux-riscv64-musl": {
      "version": "4.55.3",
      "resolved": "https://registry.npmjs.org/@rollup/rollup-linux-riscv64-musl/-/rollup-linux-riscv64-musl-4.55.3.tgz",
      "integrity": "sha512-3OqKAHSEQXKdq9mQ4eajqUgNIK27VZPW3I26EP8miIzuKzCJ3aW3oEn2pzF+4/Hj/Moc0YDsOtBgT5bZ56/vcA==",
      "dev": true,
      "optional": true
    },
    "@rollup/rollup-linux-s390x-gnu": {
      "version": "4.55.3",
      "resolved": "https://registry.npmjs.org/@rollup/rollup-linux-s390x-gnu/-/rollup-linux-s390x-gnu-4.55.3.tgz",
      "integrity": "sha512-0CM8dSVzVIaqMcXIFej8zZrSFLnGrAE8qlNbbHfTw1EEPnFTg1U1ekI0JdzjPyzSfUsHWtodilQQG/RA55berA==",
      "dev": true,
      "optional": true
    },
    "@rollup/rollup-linux-x64-gnu": {
      "version": "4.55.3",
      "resolved": "https://registry.npmjs.org/@rollup/rollup-linux-x64-gnu/-/rollup-linux-x64-gnu-4.55.3.tgz",
      "integrity": "sha512-+fgJE12FZMIgBaKIAGd45rxf+5ftcycANJRWk8Vz0NnMTM5rADPGuRFTYar+Mqs560xuART7XsX2lSACa1iOmQ==",
      "dev": true,
      "optional": true
    },
    "@rollup/rollup-linux-x64-musl": {
      "version": "4.55.3",
      "resolved": "https://registry.npmjs.org/@rollup/rollup-linux-x64-musl/-/rollup-linux-x64-musl-4.55.3.tgz",
      "integrity": "sha512-tMD7NnbAolWPzQlJQJjVFh/fNH3K/KnA7K8gv2dJWCwwnaK6DFCYST1QXYWfu5V0cDwarWC8Sf/cfMHniNq21A==",
      "dev": true,
      "optional": true
    },
    "@rollup/rollup-openbsd-x64": {
      "version": "4.55.3",
      "resolved": "https://registry.npmjs.org/@rollup/rollup-openbsd-x64/-/rollup-openbsd-x64-4.55.3.tgz",
      "integrity": "sha512-u5KsqxOxjEeIbn7bUK1MPM34jrnPwjeqgyin4/N6e/KzXKfpE9Mi0nCxcQjaM9lLmPcHmn/xx1yOjgTMtu1jWQ==",
      "dev": true,
      "optional": true
    },
    "@rollup/rollup-openharmony-arm64": {
      "version": "4.55.3",
      "resolved": "https://registry.npmjs.org/@rollup/rollup-openharmony-arm64/-/rollup-openharmony-arm64-4.55.3.tgz",
      "integrity": "sha512-vo54aXwjpTtsAnb3ca7Yxs9t2INZg7QdXN/7yaoG7nPGbOBXYXQY41Km+S1Ov26vzOAzLcAjmMdjyEqS1JkVhw==",
      "dev": true,
      "optional": true
    },
    "@rollup/rollup-win32-arm64-msvc": {
      "version": "4.55.3",
      "resolved": "https://registry.npmjs.org/@rollup/rollup-win32-arm64-msvc/-/rollup-win32-arm64-msvc-4.55.3.tgz",
      "integrity": "sha512-HI+PIVZ+m+9AgpnY3pt6rinUdRYrGHvmVdsNQ4odNqQ/eRF78DVpMR7mOq7nW06QxpczibwBmeQzB68wJ+4W4A==",
      "dev": true,
      "optional": true
    },
    "@rollup/rollup-win32-ia32-msvc": {
      "version": "4.55.3",
      "resolved": "https://registry.npmjs.org/@rollup/rollup-win32-ia32-msvc/-/rollup-win32-ia32-msvc-4.55.3.tgz",
      "integrity": "sha512-vRByotbdMo3Wdi+8oC2nVxtc3RkkFKrGaok+a62AT8lz/YBuQjaVYAS5Zcs3tPzW43Vsf9J0wehJbUY5xRSekA==",
      "dev": true,
      "optional": true
    },
    "@rollup/rollup-win32-x64-gnu": {
      "version": "4.55.3",
      "resolved": "https://registry.npmjs.org/@rollup/rollup-win32-x64-gnu/-/rollup-win32-x64-gnu-4.55.3.tgz",
      "integrity": "sha512-POZHq7UeuzMJljC5NjKi8vKMFN6/5EOqcX1yGntNLp7rUTpBAXQ1hW8kWPFxYLv07QMcNM75xqVLGPWQq6TKFA==",
      "dev": true,
      "optional": true
    },
    "@rollup/rollup-win32-x64-msvc": {
      "version": "4.55.3",
      "resolved": "https://registry.npmjs.org/@rollup/rollup-win32-x64-msvc/-/rollup-win32-x64-msvc-4.55.3.tgz",
      "integrity": "sha512-aPFONczE4fUFKNXszdvnd2GqKEYQdV5oEsIbKPujJmWlCI9zEsv1Otig8RKK+X9bed9gFUN6LAeN4ZcNuu4zjg==",
      "dev": true,
      "optional": true
    },
    "@sveltejs/adapter-node": {
      "version": "5.5.1",
      "resolved": "https://registry.npmjs.org/@sveltejs/adapter-node/-/adapter-node-5.5.1.tgz",
      "integrity": "sha512-VpZdPNRPQuZRtgfAMETPWWKpZx9JwXmUUsgz/+eSpw/Oh7+2O1uZHlsQTuyfxydJHPrRzjfu/ItcJjY4oscCiQ==",
      "dev": true,
      "requires": {
        "@rollup/plugin-commonjs": "^28.0.1",
        "@rollup/plugin-json": "^6.1.0",
        "@rollup/plugin-node-resolve": "^16.0.0",
        "rollup": "^4.9.5"
      }
    },
    "@types/estree": {
      "version": "1.0.8",
      "resolved": "https://registry.npmjs.org/@types/estree/-/estree-1.0.8.tgz",
      "integrity": "sha512-dWHzHa2WqEXI/O1E9OjrocMTKJl2mSrEolh1Iomrv6U+JuNwaHXsXx9bLu5gG7BUWFIN0skIQJQ/L1rIex4X6w==",
      "dev": true
    },
    "@types/resolve": {
      "version": "1.20.2",
      "resolved": "https://registry.npmjs.org/@types/resolve/-/resolve-1.20.2.tgz",
      "integrity": "sha512-60BCwRFOZCQhDncwQdxxeOEEkbc5dIMccYLwbxsS4TUNeVECQ/pBJ0j09mrHOl/JJvpRPGwO9SvE4nR2Nb/a4Q==",
      "dev": true
    },
    "commondir": {
      "version": "1.0.1",
      "resolved": "https://registry.npmjs.org/commondir/-/commondir-1.0.1.tgz",
      "integrity": "sha512-W9pAhw0ja1Edb5GVdIF1mjZw/ASI0AlShXM83UUGe2DVr5TdAPEA1OA8m/g8zWp9x6On7gqufY+FatDbC3MDQg==",
      "dev": true
    },
    "deepmerge": {
      "version": "4.3.1",
      "resolved": "https://registry.npmjs.org/deepmerge/-/deepmerge-4.3.1.tgz",
      "integrity": "sha512-3sUqbMEc77XqpdNO7FRyRog+eW3ph+GYCbj+rK+uYyRMuwsVy0rMiVtPn+QJlKFvWP/1PYpapqYn0Me2knFn+A==",
      "dev": true
    },
    "estree-walker": {
      "version": "2.0.2",
      "resolved": "https://registry.npmjs.org/estree-walker/-/estree-walker-2.0.2.tgz",
      "integrity": "sha512-Rfkk/Mp/DL7JVje3u18FxFujQlTNR2q6QfMSMB7AvCBx91NGj/ba3kCfza0f6dVDbw7YlRf/nDrn7pQrCCyQ/w==",
      "dev": true
    },
    "fdir": {
      "version": "6.5.0",
      "resolved": "https://registry.npmjs.org/fdir/-/fdir-6.5.0.tgz",
      "integrity": "sha512-tIbYtZbucOs0BRGqPJkshJUYdL+SDH7dVM8gjy+ERp3WAUjLEFJE+02kanyHtwjWOnwrKYBiwAmM0p4kLJAnXg==",
      "dev": true
    },
    "fsevents": {
      "version": "2.3.3",
      "resolved": "https://registry.npmjs.org/fsevents/-/fsevents-2.3.3.tgz",
      "integrity": "sha512-5xoDfX+fL7faATnagmWPpbFtwh/R77WmMMqqHGS65C3vvB0YHrgF+B1YmZ3441tMj5n63k0212XNoJwzlhffQw==",
      "dev": true,
      "optional": true
    },
    "function-bind": {
      "version": "1.1.2",
      "resolved": "https://registry.npmjs.org/function-bind/-/function-bind-1.1.2.tgz",
      "integrity": "sha512-7XHNxH7qX9xG5mIwxkhumTox/MIRNcOgDrxWsMt2pAr23WHp6MrRlN7FBSFpCpr+oVO0F744iUgR82nJMfG2SA==",
      "dev": true
    },
    "hasown": {
      "version": "2.0.2",
      "resolved": "https://registry.npmjs.org/hasown/-/hasown-2.0.2.tgz",
      "integrity": "sha512-0hJU9SCPvmMzIBdZFqNPXWa6dqh7WdH0cII9y+CyS8rG3nL48Bclra9HmKhVVUHyPWNH5Y7xDwAB7bfgSjkUMQ==",
      "dev": true,
      "requires": {
        "function-bind": "^1.1.2"
      }
    },
    "is-core-module": {
      "version": "2.16.1",
      "resolved": "https://registry.npmjs.org/is-core-module/-/is-core-module-2.16.1.tgz",
      "integrity": "sha512-UfoeMA6fIJ8wTYFEUjelnaGI67v6+N7qXJEvQuIGa99l4xsCruSYOVSQ0uPANn4dAzm8lkYPaKLrrijLq7x23w==",
      "dev": true,
      "requires": {
        "hasown": "^2.0.2"
      }
    },
    "is-module": {
      "version": "1.0.0",
      "resolved": "https://registry.npmjs.org/is-module/-/is-module-1.0.0.tgz",
      "integrity": "sha512-51ypPSPCoTEIN9dy5Oy+h4pShgJmPCygKfyRCISBI+JoWT/2oJvK8QPxmwv7b/p239jXrm9M1mlQbyKJ5A152g==",
      "dev": true
    },
    "is-reference": {
      "version": "1.2.1",
      "resolved": "https://registry.npmjs.org/is-reference/-/is-reference-1.2.1.tgz",
      "integrity": "sha512-U82MsXXiFIrjCK4otLT+o2NA2Cd2g5MLoOVXUZjIOhLurrRxpEXzI8O0KZHr3IjLvlAH1kTPYSuqer5T9ZVBKQ==",
      "dev": true,
      "requires": {
        "@types/estree": "*"
      }
    },
    "magic-string": {
      "version": "0.30.21",
      "resolved": "https://registry.npmjs.org/magic-string/-/magic-string-0.30.21.tgz",
      "integrity": "sha512-vd2F4YUyEXKGcLHoq+TEyCjxueSeHnFxyyjNp80yg0XV4vUhnDer/lvvlqM/arB5bXQN5K2/3oinyCRyx8T2CQ==",
      "dev": true,
      "requires": {
        "@jridgewell/sourcemap-codec": "^1.5.5"
      }
    },
    "path-parse": {
      "version": "1.0.7",
      "resolved": "https://registry.npmjs.org/path-parse/-/path-parse-1.0.7.tgz",
      "integrity": "sha512-LDJzPVEEEPR+y48z93A0Ed0yXb8pAByGWo/k5YYdYgpY2/2EsOsksJrq7lOHxryrVOn1ejG6oAp8ahvOIQD8sw==",
      "dev": true
    },
    "picomatch": {
      "version": "4.0.3",
      "resolved": "https://registry.npmjs.org/picomatch/-/picomatch-4.0.3.tgz",
      "integrity": "sha512-5gTmgEY/sqK6gFXLIsQNH19lWb4ebPDLA4SdLP7dsWkIXHWlG66oPuVvXSGFPppYZz8ZDZq0dYYrbHfBCVUb1Q==",
      "dev": true
    },
    "resolve": {
      "version": "1.22.11",
      "resolved": "https://registry.npmjs.org/resolve/-/resolve-1.22.11.tgz",
      "integrity": "sha512-RfqAvLnMl313r7c9oclB1HhUEAezcpLjz95wFH4LVuhk9JF/r22qmVP9AMmOU4vMX7Q8pN8jwNg/CSpdFnMjTQ==",
      "dev": true,
      "requires": {
        "is-core-module": "^2.16.1",
        "path-parse": "^1.0.7",
        "supports-preserve-symlinks-flag": "^1.0.0"
      }
    },
    "rollup": {
      "version": "4.55.3",
      "resolved": "https://registry.npmjs.org/rollup/-/rollup-4.55.3.tgz",
      "integrity": "sha512-y9yUpfQvetAjiDLtNMf1hL9NXchIJgWt6zIKeoB+tCd3npX08Eqfzg60V9DhIGVMtQ0AlMkFw5xa+AQ37zxnAA==",
      "dev": true,
      "requires": {
        "@rollup/rollup-android-arm-eabi": "4.55.3",
        "@rollup/rollup-android-arm64": "4.55.3",
        "@rollup/rollup-darwin-arm64": "4.55.3",
        "@rollup/rollup-darwin-x64": "4.55.3",
        "@rollup/rollup-freebsd-arm64": "4.55.3",
        "@rollup/rollup-freebsd-x64": "4.55.3",
        "@rollup/rollup-linux-arm-gnueabihf": "4.55.3",
        "@rollup/rollup-linux-arm-musleabihf": "4.55.3",
        "@rollup/rollup-linux-arm64-gnu": "4.55.3",
        "@rollup/rollup-linux-arm64-musl": "4.55.3",
        "@rollup/rollup-linux-loong64-gnu": "4.55.3",
        "@rollup/rollup-linux-loong64-musl": "4.55.3",
        "@rollup/rollup-linux-ppc64-gnu": "4.55.3",
        "@rollup/rollup-linux-ppc64-musl": "4.55.3",
        "@rollup/rollup-linux-riscv64-gnu": "4.55.3",
        "@rollup/rollup-linux-riscv64-musl": "4.55.3",
        "@rollup/rollup-linux-s390x-gnu": "4.55.3",
        "@rollup/rollup-linux-x64-gnu": "4.55.3",
        "@rollup/rollup-linux-x64-musl": "4.55.3",
        "@rollup/rollup-openbsd-x64": "4.55.3",
        "@rollup/rollup-openharmony-arm64": "4.55.3",
        "@rollup/rollup-win32-arm64-msvc": "4.55.3",
        "@rollup/rollup-win32-ia32-msvc": "4.55.3",
        "@rollup/rollup-win32-x64-gnu": "4.55.3",
        "@rollup/rollup-win32-x64-msvc": "4.55.3",
        "@types/estree": "1.0.8",
        "fsevents": "~2.3.2"
      }
    },
    "supports-preserve-symlinks-flag": {
      "version": "1.0.0",
      "resolved": "https://registry.npmjs.org/supports-preserve-symlinks-flag/-/supports-preserve-symlinks-flag-1.0.0.tgz",
      "integrity": "sha512-ot0WnXS9fgdkgIcePe6RHNk1WA8+muPa6cSjeR3V8K27q9BB1rTE3R1p7Hv0z1ZyAc8s6Vvv8DIyWf681MAt0w==",
      "dev": true
    }
  }
}
